// !$*UTF8*$!
{
	archiveVersion = 1;
	classes = {
	};
	objectVersion = 50;
	objects = {

/* Begin PBXBuildFile section */
		7D02AA8D2627E6420054D99D /* CreateCursoViewController.swift in Sources */ = {isa = PBXBuildFile; fileRef = 7D02AA8C2627E6420054D99D /* CreateCursoViewController.swift */; };
		7D7FFB6726265545000A5AF5 /* PractNotesViewController.swift in Sources */ = {isa = PBXBuildFile; fileRef = 7D7FFB6626265545000A5AF5 /* PractNotesViewController.swift */; };
		7D9D66202623E6BB00B057D0 /* AppDelegate.swift in Sources */ = {isa = PBXBuildFile; fileRef = 7D9D661F2623E6BB00B057D0 /* AppDelegate.swift */; };
		7D9D66222623E6BB00B057D0 /* ViewController.swift in Sources */ = {isa = PBXBuildFile; fileRef = 7D9D66212623E6BB00B057D0 /* ViewController.swift */; };
		7D9D66252623E6BB00B057D0 /* Main.storyboard in Resources */ = {isa = PBXBuildFile; fileRef = 7D9D66232623E6BB00B057D0 /* Main.storyboard */; };
		7D9D66282623E6BB00B057D0 /* lab05_homework.xcdatamodeld in Sources */ = {isa = PBXBuildFile; fileRef = 7D9D66262623E6BB00B057D0 /* lab05_homework.xcdatamodeld */; };
		7D9D662A2623E6BD00B057D0 /* Assets.xcassets in Resources */ = {isa = PBXBuildFile; fileRef = 7D9D66292623E6BD00B057D0 /* Assets.xcassets */; };
		7D9D662D2623E6BD00B057D0 /* LaunchScreen.storyboard in Resources */ = {isa = PBXBuildFile; fileRef = 7D9D662B2623E6BD00B057D0 /* LaunchScreen.storyboard */; };
		7D9D66352623F76200B057D0 /* CourseInViewController.swift in Sources */ = {isa = PBXBuildFile; fileRef = 7D9D66342623F76200B057D0 /* CourseInViewController.swift */; };
/* End PBXBuildFile section */

/* Begin PBXFileReference section */
		7D02AA8C2627E6420054D99D /* CreateCursoViewController.swift */ = {isa = PBXFileReference; lastKnownFileType = sourcecode.swift; path = CreateCursoViewController.swift; sourceTree = "<group>"; };
		7D7FFB6626265545000A5AF5 /* PractNotesViewController.swift */ = {isa = PBXFileReference; lastKnownFileType = sourcecode.swift; path = PractNotesViewController.swift; sourceTree = "<group>"; };
		7D9D661C2623E6BB00B057D0 /* lab05_homework.app */ = {isa = PBXFileReference; explicitFileType = wrapper.application; includeInIndex = 0; path = lab05_homework.app; sourceTree = BUILT_PRODUCTS_DIR; };
		7D9D661F2623E6BB00B057D0 /* AppDelegate.swift */ = {isa = PBXFileReference; lastKnownFileType = sourcecode.swift; path = AppDelegate.swift; sourceTree = "<group>"; };
		7D9D66212623E6BB00B057D0 /* ViewController.swift */ = {isa = PBXFileReference; lastKnownFileType = sourcecode.swift; path = ViewController.swift; sourceTree = "<group>"; };
		7D9D66242623E6BB00B057D0 /* Base */ = {isa = PBXFileReference; lastKnownFileType = file.storyboard; name = Base; path = Base.lproj/Main.storyboard; sourceTree = "<group>"; };
		7D9D66272623E6BB00B057D0 /* lab05_homework.xcdatamodel */ = {isa = PBXFileReference; lastKnownFileType = wrapper.xcdatamodel; path = lab05_homework.xcdatamodel; sourceTree = "<group>"; };
		7D9D66292623E6BD00B057D0 /* Assets.xcassets */ = {isa = PBXFileReference; lastKnownFileType = folder.assetcatalog; path = Assets.xcassets; sourceTree = "<group>"; };
		7D9D662C2623E6BD00B057D0 /* Base */ = {isa = PBXFileReference; lastKnownFileType = file.storyboard; name = Base; path = Base.lproj/LaunchScreen.storyboard; sourceTree = "<group>"; };
		7D9D662E2623E6BD00B057D0 /* Info.plist */ = {isa = PBXFileReference; lastKnownFileType = text.plist.xml; path = Info.plist; sourceTree = "<group>"; };
		7D9D66342623F76200B057D0 /* CourseInViewController.swift */ = {isa = PBXFileReference; lastKnownFileType = sourcecode.swift; path = CourseInViewController.swift; sourceTree = "<group>"; };
/* End PBXFileReference section */

/* Begin PBXFrameworksBuildPhase section */
		7D9D66192623E6BB00B057D0 /* Frameworks */ = {
			isa = PBXFrameworksBuildPhase;
			buildActionMask = 2147483647;
			files = (
			);
			runOnlyForDeploymentPostprocessing = 0;
		};
/* End PBXFrameworksBuildPhase section */

/* Begin PBXGroup section */
		7D9D66132623E6BB00B057D0 = {
			isa = PBXGroup;
			children = (
				7D9D661E2623E6BB00B057D0 /* lab05_homework */,
				7D9D661D2623E6BB00B057D0 /* Products */,
			);
			sourceTree = "<group>";
		};
		7D9D661D2623E6BB00B057D0 /* Products */ = {
			isa = PBXGroup;
			children = (
				7D9D661C2623E6BB00B057D0 /* lab05_homework.app */,
			);
			name = Products;
			sourceTree = "<group>";
		};
		7D9D661E2623E6BB00B057D0 /* lab05_homework */ = {
			isa = PBXGroup;
			children = (
				7D9D661F2623E6BB00B057D0 /* AppDelegate.swift */,
				7D9D66212623E6BB00B057D0 /* ViewController.swift */,
				7D9D66232623E6BB00B057D0 /* Main.storyboard */,
				7D9D66292623E6BD00B057D0 /* Assets.xcassets */,
				7D9D662B2623E6BD00B057D0 /* LaunchScreen.storyboard */,
				7D9D662E2623E6BD00B057D0 /* Info.plist */,
				7D9D66262623E6BB00B057D0 /* lab05_homework.xcdatamodeld */,
				7D9D66342623F76200B057D0 /* CourseInViewController.swift */,
				7D7FFB6626265545000A5AF5 /* PractNotesViewController.swift */,
				7D02AA8C2627E6420054D99D /* CreateCursoViewController.swift */,
			);
			path = lab05_homework;
			sourceTree = "<group>";
		};
/* End PBXGroup section */

/* Begin PBXNativeTarget section */
		7D9D661B2623E6BB00B057D0 /* lab05_homework */ = {
			isa = PBXNativeTarget;
			buildConfigurationList = 7D9D66312623E6BD00B057D0 /* Build configuration list for PBXNativeTarget "lab05_homework" */;
			buildPhases = (
				7D9D66182623E6BB00B057D0 /* Sources */,
				7D9D66192623E6BB00B057D0 /* Frameworks */,
				7D9D661A2623E6BB00B057D0 /* Resources */,
			);
			buildRules = (
			);
			dependencies = (
			);
			name = lab05_homework;
			productName = lab05_homework;
			productReference = 7D9D661C2623E6BB00B057D0 /* lab05_homework.app */;
			productType = "com.apple.product-type.application";
		};
/* End PBXNativeTarget section */

/* Begin PBXProject section */
		7D9D66142623E6BB00B057D0 /* Project object */ = {
			isa = PBXProject;
			attributes = {
				LastSwiftUpdateCheck = 1030;
				LastUpgradeCheck = 1030;
				ORGANIZATIONNAME = Tecsup;
				TargetAttributes = {
					7D9D661B2623E6BB00B057D0 = {
						CreatedOnToolsVersion = 10.3;
					};
				};
			};
			buildConfigurationList = 7D9D66172623E6BB00B057D0 /* Build configuration list for PBXProject "lab05_homework" */;
			compatibilityVersion = "Xcode 9.3";
			developmentRegion = en;
			hasScannedForEncodings = 0;
			knownRegions = (
				en,
				Base,
			);
			mainGroup = 7D9D66132623E6BB00B057D0;
			productRefGroup = 7D9D661D2623E6BB00B057D0 /* Products */;
			projectDirPath = "";
			projectRoot = "";
			targets = (
				7D9D661B2623E6BB00B057D0 /* lab05_homework */,
			);
		};
/* End PBXProject section */

/* Begin PBXResourcesBuildPhase section */
		7D9D661A2623E6BB00B057D0 /* Resources */ = {
			isa = PBXResourcesBuildPhase;
			buildActionMask = 2147483647;
			files = (
				7D9D662D2623E6BD00B057D0 /* LaunchScreen.storyboard in Resources */,
				7D9D662A2623E6BD00B057D0 /* Assets.xcassets in Resources */,
				7D9D66252623E6BB00B057D0 /* Main.storyboard in Resources */,
			);
			runOnlyForDeploymentPostprocessing = 0;
		};
/* End PBXResourcesBuildPhase section */

/* Begin PBXSourcesBuildPhase section */
		7D9D66182623E6BB00B057D0 /* Sources */ = {
			isa = PBXSourcesBuildPhase;
			buildActionMask = 2147483647;
			files = (
				7D9D66222623E6BB00B057D0 /* ViewController.swift in Sources */,
				7D7FFB6726265545000A5AF5 /* PractNotesViewController.swift in Sources */,
				7D9D66282623E6BB00B057D0 /* lab05_homework.xcdatamodeld in Sources */,
				7D02AA8D2627E6420054D99D /* CreateCursoViewController.swift in Sources */,
				7D9D66352623F76200B057D0 /* CourseInViewController.swift in Sources */,
				7D9D66202623E6BB00B057D0 /* AppDelegate.swift in Sources */,
			);
			runOnlyForDeploymentPostprocessing = 0;
		};
/* End PBXSourcesBuildPhase section */

/* Begin PBXVariantGroup section */
		7D9D66232623E6BB00B057D0 /* Main.storyboard */ = {
			isa = PBXVariantGroup;
			children = (
				7D9D66242623E6BB00B057D0 /* Base */,
			);
			name = Main.storyboard;
			sourceTree = "<group>";
		};
		7D9D662B2623E6BD00B057D0 /* LaunchScreen.storyboard */ = {
			isa = PBXVariantGroup;
			children = (
				7D9D662C2623E6BD00B057D0 /* Base */,
			);
			name = LaunchScreen.storyboard;
			sourceTree = "<group>";
		};
/* End PBXVariantGroup section */

/* Begin XCBuildConfiguration section */
		7D9D662F2623E6BD00B057D0 /* Debug */ = {
			isa = XCBuildConfiguration;
			buildSettings = {
				ALWAYS_SEARCH_USER_PATHS = NO;
				CLANG_ANALYZER_NONNULL = YES;
				CLANG_ANALYZER_NUMBER_OBJECT_CONVERSION = YES_AGGRESSIVE;
				CLANG_CXX_LANGUAGE_STANDARD = "gnu++14";
				CLANG_CXX_LIBRARY = "libc++";
				CLANG_ENABLE_MODULES = YES;
				CLANG_ENABLE_OBJC_ARC = YES;
				CLANG_ENABLE_OBJC_WEAK = YES;
				CLANG_WARN_BLOCK_CAPTURE_AUTORELEASING = YES;
				CLANG_WARN_BOOL_CONVERSION = YES;
				CLANG_WARN_COMMA = YES;
				CLANG_WARN_CONSTANT_CONVERSION = YES;
				CLANG_WARN_DEPRECATED_OBJC_IMPLEMENTATIONS = YES;
				CLANG_WARN_DIRECT_OBJC_ISA_USAGE = YES_ERROR;
				CLANG_WARN_DOCUMENTATION_COMMENTS = YES;
				CLANG_WARN_EMPTY_BODY = YES;
				CLANG_WARN_ENUM_CONVERSION = YES;
				CLANG_WARN_INFINITE_RECURSION = YES;
				CLANG_WARN_INT_CONVERSION = YES;
				CLANG_WARN_NON_LITERAL_NULL_CONVERSION = YES;
				CLANG_WARN_OBJC_IMPLICIT_RETAIN_SELF = YES;
				CLANG_WARN_OBJC_LITERAL_CONVERSION = YES;
				CLANG_WARN_OBJC_ROOT_CLASS = YES_ERROR;
				CLANG_WARN_RANGE_LOOP_ANALYSIS = YES;
				CLANG_WARN_STRICT_PROTOTYPES = YES;
				CLANG_WARN_SUSPICIOUS_MOVE = YES;
				CLANG_WARN_UNGUARDED_AVAILABILITY = YES_AGGRESSIVE;
				CLANG_WARN_UNREACHABLE_CODE = YES;
				CLANG_WARN__DUPLICATE_METHOD_MATCH = YES;
				CODE_SIGN_IDENTITY = "iPhone Developer";
				COPY_PHASE_STRIP = NO;
				DEBUG_INFORMATION_FORMAT = dwarf;
				ENABLE_STRICT_OBJC_MSGSEND = YES;
				ENABLE_TESTABILITY = YES;
				GCC_C_LANGUAGE_STANDARD = gnu11;
				GCC_DYNAMIC_NO_PIC = NO;
				GCC_NO_COMMON_BLOCKS = YES;
				GCC_OPTIMIZATION_LEVEL = 0;
				GCC_PREPROCESSOR_DEFINITIONS = (
					"DEBUG=1",
					"$(inherited)",
				);
				GCC_WARN_64_TO_32_BIT_CONVERSION = YES;
				GCC_WARN_ABOUT_RETURN_TYPE = YES_ERROR;
				GCC_WARN_UNDECLARED_SELECTOR = YES;
				GCC_WARN_UNINITIALIZED_AUTOS = YES_AGGRESSIVE;
				GCC_WARN_UNUSED_FUNCTION = YES;
				GCC_WARN_UNUSED_VARIABLE = YES;
				IPHONEOS_DEPLOYMENT_TARGET = 12.4;
				MTL_ENABLE_DEBUG_INFO = INCLUDE_SOURCE;
				MTL_FAST_MATH = YES;
				ONLY_ACTIVE_ARCH = YES;
				SDKROOT = iphoneos;
				SWIFT_ACTIVE_COMPILATION_CONDITIONS = DEBUG;
				SWIFT_OPTIMIZATION_LEVEL = "-Onone";
			};
			name = Debug;
		};
		7D9D66302623E6BD00B057D0 /* Release */ = {
			isa = XCBuildConfiguration;
			buildSettings = {
				ALWAYS_SEARCH_USER_PATHS = NO;
				CLANG_ANALYZER_NONNULL = YES;
				CLANG_ANALYZER_NUMBER_OBJECT_CONVERSION = YES_AGGRESSIVE;
				CLANG_CXX_LANGUAGE_STANDARD = "gnu++14";
				CLANG_CXX_LIBRARY = "libc++";
				CLANG_ENABLE_MODULES = YES;
				CLANG_ENABLE_OBJC_ARC = YES;
				CLANG_ENABLE_OBJC_WEAK = YES;
				CLANG_WARN_BLOCK_CAPTURE_AUTORELEASING = YES;
				CLANG_WARN_BOOL_CONVERSION = YES;
				CLANG_WARN_COMMA = YES;
				CLANG_WARN_CONSTANT_CONVERSION = YES;
				CLANG_WARN_DEPRECATED_OBJC_IMPLEMENTATIONS = YES;
				CLANG_WARN_DIRECT_OBJC_ISA_USAGE = YES_ERROR;
				CLANG_WARN_DOCUMENTATION_COMMENTS = YES;
				CLANG_WARN_EMPTY_BODY = YES;
				CLANG_WARN_ENUM_CONVERSION = YES;
				CLANG_WARN_INFINITE_RECURSION = YES;
				CLANG_WARN_INT_CONVERSION = YES;
				CLANG_WARN_NON_LITERAL_NULL_CONVERSION = YES;
				CLANG_WARN_OBJC_IMPLICIT_RETAIN_SELF = YES;
				CLANG_WARN_OBJC_LITERAL_CONVERSION = YES;
				CLANG_WARN_OBJC_ROOT_CLASS = YES_ERROR;
				CLANG_WARN_RANGE_LOOP_ANALYSIS = YES;
				CLANG_WARN_STRICT_PROTOTYPES = YES;
				CLANG_WARN_SUSPICIOUS_MOVE = YES;
				CLANG_WARN_UNGUARDED_AVAILABILITY = YES_AGGRESSIVE;
				CLANG_WARN_UNREACHABLE_CODE = YES;
				CLANG_WARN__DUPLICATE_METHOD_MATCH = YES;
				CODE_SIGN_IDENTITY = "iPhone Developer";
				COPY_PHASE_STRIP = NO;
				DEBUG_INFORMATION_FORMAT = "dwarf-with-dsym";
				ENABLE_NS_ASSERTIONS = NO;
				ENABLE_STRICT_OBJC_MSGSEND = YES;
				GCC_C_LANGUAGE_STANDARD = gnu11;
				GCC_NO_COMMON_BLOCKS = YES;
				GCC_WARN_64_TO_32_BIT_CONVERSION = YES;
				GCC_WARN_ABOUT_RETURN_TYPE = YES_ERROR;
				GCC_WARN_UNDECLARED_SELECTOR = YES;
				GCC_WARN_UNINITIALIZED_AUTOS = YES_AGGRESSIVE;
				GCC_WARN_UNUSED_FUNCTION = YES;
				GCC_WARN_UNUSED_VARIABLE = YES;
				IPHONEOS_DEPLOYMENT_TARGET = 12.4;
				MTL_ENABLE_DEBUG_INFO = NO;
				MTL_FAST_MATH = YES;
				SDKROOT = iphoneos;
				SWIFT_COMPILATION_MODE = wholemodule;
				SWIFT_OPTIMIZATION_LEVEL = "-O";
				VALIDATE_PRODUCT = YES;
			};
			name = Release;
		};
		7D9D66322623E6BD00B057D0 /* Debug */ = {
			isa = XCBuildConfiguration;
			buildSettings = {
				ASSETCATALOG_COMPILER_APPICON_NAME = AppIcon;
				CODE_SIGN_STYLE = Automatic;
				DEVELOPMENT_TEAM = W8AV9P8GXP;
				INFOPLIST_FILE = lab05_homework/Info.plist;
				LD_RUNPATH_SEARCH_PATHS = (
					"$(inherited)",
					"@executable_path/Frameworks",
				);
				PRODUCT_BUNDLE_IDENTIFIER = "com.tecsup.lab05-homework";
				PRODUCT_NAME = "$(TARGET_NAME)";
				SWIFT_VERSION = 5.0;
				TARGETED_DEVICE_FAMILY = "1,2";
			};
			name = Debug;
		};
		7D9D66332623E6BD00B057D0 /* Release */ = {
			isa = XCBuildConfiguration;
			buildSettings = {
				ASSETCATALOG_COMPILER_APPICON_NAME = AppIcon;
				CODE_SIGN_STYLE = Automatic;
				DEVELOPMENT_TEAM = W8AV9P8GXP;
				INFOPLIST_FILE = lab05_homework/Info.plist;
				LD_RUNPATH_SEARCH_PATHS = (
					"$(inherited)",
					"@executable_path/Frameworks",
				);
				PRODUCT_BUNDLE_IDENTIFIER = "com.tecsup.lab05-homework";
				PRODUCT_NAME = "$(TARGET_NAME)";
				SWIFT_VERSION = 5.0;
				TARGETED_DEVICE_FAMILY = "1,2";
			};
			name = Release;
		};
/* End XCBuildConfiguration section */

/* Begin XCConfigurationList section */
		7D9D66172623E6BB00B057D0 /* Build configuration list for PBXProject "lab05_homework" */ = {
			isa = XCConfigurationList;
			buildConfigurations = (
				7D9D662F2623E6BD00B057D0 /* Debug */,
				7D9D66302623E6BD00B057D0 /* Release */,
			);
			defaultConfigurationIsVisible = 0;
			defaultConfigurationName = Release;
		};
		7D9D66312623E6BD00B057D0 /* Build configuration list for PBXNativeTarget "lab05_homework" */ = {
			isa = XCConfigurationList;
			buildConfigurations = (
				7D9D66322623E6BD00B057D0 /* Debug */,
				7D9D66332623E6BD00B057D0 /* Release */,
			);
			defaultConfigurationIsVisible = 0;
			defaultConfigurationName = Release;
		};
/* End XCConfigurationList section */

/* Begin XCVersionGroup section */
		7D9D66262623E6BB00B057D0 /* lab05_homework.xcdatamodeld */ = {
			isa = XCVersionGroup;
			children = (
				7D9D66272623E6BB00B057D0 /* lab05_homework.xcdatamodel */,
			);
			currentVersion = 7D9D66272623E6BB00B057D0 /* lab05_homework.xcdatamodel */;
			path = lab05_homework.xcdatamodeld;
			sourceTree = "<group>";
			versionGroupType = wrapper.xcdatamodel;
		};
/* End XCVersionGroup section */
	};
	rootObject = 7D9D66142623E6BB00B057D0 /* Project object */;
}
